
Microsoft Visual Studio Solution File, Format Version 12.00
# Visual Studio 15
VisualStudioVersion = 15.0.26730.12
MinimumVisualStudioVersion = 10.0.40219.1
Project("{FAE04EC0-301F-11D3-BF4B-00C04F79EFBC}") = "Student", "Student\Student.csproj", "{02A57CF7-E963-4D1D-AECA-90F82B8BE9A4}"
EndProject
Global
	GlobalSection(SolutionConfigurationPlatforms) = preSolution
		Debug|Any CPU = Debug|Any CPU
		Release|Any CPU = Release|Any CPU
	EndGlobalSection
	GlobalSection(ProjectConfigurationPlatforms) = postSolution
		{02A57CF7-E963-4D1D-AECA-90F82B8BE9A4}.Debug|Any CPU.ActiveCfg = Debug|Any CPU
		{02A57CF7-E963-4D1D-AECA-90F82B8BE9A4}.Debug|Any CPU.Build.0 = Debug|Any CPU
		{02A57CF7-E963-4D1D-AECA-90F82B8BE9A4}.Release|Any CPU.ActiveCfg = Release|Any CPU
		{02A57CF7-E963-4D1D-AECA-90F82B8BE9A4}.Release|Any CPU.Build.0 = Release|Any CPU
	EndGlobalSection
	GlobalSection(SolutionProperties) = preSolution
		HideSolutionNode = FALSE
	EndGlobalSection
	GlobalSection(ExtensibilityGlobals) = postSolution
		SolutionGuid = {620BC356-53CA-4C7F-A1CF-A470B9EF9D48}
	EndGlobalSection
EndGlobal
